// !$*UTF8*$!
{
	archiveVersion = 1;
	classes = {
	};
	objectVersion = 46;
	objects = {

/* Begin PBXBuildFile section */
		35A372001E6422A500699326 /* main.m in Sources */ = {isa = PBXBuildFile; fileRef = 35A371FF1E6422A500699326 /* main.m */; };
		35A372031E6422A600699326 /* AppDelegate.m in Sources */ = {isa = PBXBuildFile; fileRef = 35A372021E6422A600699326 /* AppDelegate.m */; };
		35A372061E6422A600699326 /* ViewController.m in Sources */ = {isa = PBXBuildFile; fileRef = 35A372051E6422A600699326 /* ViewController.m */; };
		35A372091E6422A600699326 /* Main.storyboard in Resources */ = {isa = PBXBuildFile; fileRef = 35A372071E6422A600699326 /* Main.storyboard */; };
		35A3720B1E6422A600699326 /* Assets.xcassets in Resources */ = {isa = PBXBuildFile; fileRef = 35A3720A1E6422A600699326 /* Assets.xcassets */; };
		35A3720E1E6422A600699326 /* LaunchScreen.storyboard in Resources */ = {isa = PBXBuildFile; fileRef = 35A3720C1E6422A600699326 /* LaunchScreen.storyboard */; };
		35A372331E64263200699326 /* QBImagePicker.strings in Resources */ = {isa = PBXBuildFile; fileRef = 35A372171E64263200699326 /* QBImagePicker.strings */; };
		35A372341E64263200699326 /* QBAlbumCell.m in Sources */ = {isa = PBXBuildFile; fileRef = 35A3721D1E64263200699326 /* QBAlbumCell.m */; };
		35A372351E64263200699326 /* QBAlbumsViewController.m in Sources */ = {isa = PBXBuildFile; fileRef = 35A3721F1E64263200699326 /* QBAlbumsViewController.m */; };
		35A372361E64263200699326 /* QBAssetCell.m in Sources */ = {isa = PBXBuildFile; fileRef = 35A372211E64263200699326 /* QBAssetCell.m */; };
		35A372371E64263200699326 /* QBAssetsViewController.m in Sources */ = {isa = PBXBuildFile; fileRef = 35A372231E64263200699326 /* QBAssetsViewController.m */; };
		35A372381E64263200699326 /* QBCheckmarkView.m in Sources */ = {isa = PBXBuildFile; fileRef = 35A372251E64263200699326 /* QBCheckmarkView.m */; };
		35A372391E64263200699326 /* QBImagePicker.storyboard in Resources */ = {isa = PBXBuildFile; fileRef = 35A372261E64263200699326 /* QBImagePicker.storyboard */; };
		35A3723A1E64263200699326 /* QBImagePickerController.m in Sources */ = {isa = PBXBuildFile; fileRef = 35A372281E64263200699326 /* QBImagePickerController.m */; };
		35A3723B1E64263200699326 /* QBVideoIconView.m in Sources */ = {isa = PBXBuildFile; fileRef = 35A3722A1E64263200699326 /* QBVideoIconView.m */; };
		35A3723C1E64263200699326 /* QBVideoIndicatorView.m in Sources */ = {isa = PBXBuildFile; fileRef = 35A3722C1E64263200699326 /* QBVideoIndicatorView.m */; };
		35A3723D1E64263200699326 /* VPImageCropperViewController.m in Sources */ = {isa = PBXBuildFile; fileRef = 35A372301E64263200699326 /* VPImageCropperViewController.m */; };
		35A3723E1E64263200699326 /* YYPhotoManager.m in Sources */ = {isa = PBXBuildFile; fileRef = 35A372321E64263200699326 /* YYPhotoManager.m */; };
		35A372421E64266800699326 /* YYPhotoSheet.m in Sources */ = {isa = PBXBuildFile; fileRef = 35A372401E64266800699326 /* YYPhotoSheet.m */; };
		35A372431E64266800699326 /* YYPhotoSheet.xib in Resources */ = {isa = PBXBuildFile; fileRef = 35A372411E64266800699326 /* YYPhotoSheet.xib */; };
/* End PBXBuildFile section */

/* Begin PBXFileReference section */
		35A371FB1E6422A500699326 /* YYPhotoManager.app */ = {isa = PBXFileReference; explicitFileType = wrapper.application; includeInIndex = 0; path = YYPhotoManager.app; sourceTree = BUILT_PRODUCTS_DIR; };
		35A371FF1E6422A500699326 /* main.m */ = {isa = PBXFileReference; lastKnownFileType = sourcecode.c.objc; path = main.m; sourceTree = "<group>"; };
		35A372011E6422A600699326 /* AppDelegate.h */ = {isa = PBXFileReference; lastKnownFileType = sourcecode.c.h; path = AppDelegate.h; sourceTree = "<group>"; };
		35A372021E6422A600699326 /* AppDelegate.m */ = {isa = PBXFileReference; lastKnownFileType = sourcecode.c.objc; path = AppDelegate.m; sourceTree = "<group>"; };
		35A372041E6422A600699326 /* ViewController.h */ = {isa = PBXFileReference; lastKnownFileType = sourcecode.c.h; path = ViewController.h; sourceTree = "<group>"; };
		35A372051E6422A600699326 /* ViewController.m */ = {isa = PBXFileReference; lastKnownFileType = sourcecode.c.objc; path = ViewController.m; sourceTree = "<group>"; };
		35A372081E6422A600699326 /* Base */ = {isa = PBXFileReference; lastKnownFileType = file.storyboard; name = Base; path = Base.lproj/Main.storyboard; sourceTree = "<group>"; };
		35A3720A1E6422A600699326 /* Assets.xcassets */ = {isa = PBXFileReference; lastKnownFileType = folder.assetcatalog; path = Assets.xcassets; sourceTree = "<group>"; };
		35A3720D1E6422A600699326 /* Base */ = {isa = PBXFileReference; lastKnownFileType = file.storyboard; name = Base; path = Base.lproj/LaunchScreen.storyboard; sourceTree = "<group>"; };
		35A3720F1E6422A600699326 /* Info.plist */ = {isa = PBXFileReference; lastKnownFileType = text.plist.xml; path = Info.plist; sourceTree = "<group>"; };
		35A372181E64263200699326 /* de */ = {isa = PBXFileReference; lastKnownFileType = text.plist.strings; name = de; path = de.lproj/QBImagePicker.strings; sourceTree = "<group>"; };
		35A372191E64263200699326 /* en */ = {isa = PBXFileReference; lastKnownFileType = text.plist.strings; name = en; path = en.lproj/QBImagePicker.strings; sourceTree = "<group>"; };
		35A3721A1E64263200699326 /* es */ = {isa = PBXFileReference; lastKnownFileType = text.plist.strings; name = es; path = es.lproj/QBImagePicker.strings; sourceTree = "<group>"; };
		35A3721B1E64263200699326 /* ja */ = {isa = PBXFileReference; lastKnownFileType = text.plist.strings; name = ja; path = ja.lproj/QBImagePicker.strings; sourceTree = "<group>"; };
		35A3721C1E64263200699326 /* QBAlbumCell.h */ = {isa = PBXFileReference; fileEncoding = 4; lastKnownFileType = sourcecode.c.h; path = QBAlbumCell.h; sourceTree = "<group>"; };
		35A3721D1E64263200699326 /* QBAlbumCell.m */ = {isa = PBXFileReference; fileEncoding = 4; lastKnownFileType = sourcecode.c.objc; path = QBAlbumCell.m; sourceTree = "<group>"; };
		35A3721E1E64263200699326 /* QBAlbumsViewController.h */ = {isa = PBXFileReference; fileEncoding = 4; lastKnownFileType = sourcecode.c.h; path = QBAlbumsViewController.h; sourceTree = "<group>"; };
		35A3721F1E64263200699326 /* QBAlbumsViewController.m */ = {isa = PBXFileReference; fileEncoding = 4; lastKnownFileType = sourcecode.c.objc; path = QBAlbumsViewController.m; sourceTree = "<group>"; };
		35A372201E64263200699326 /* QBAssetCell.h */ = {isa = PBXFileReference; fileEncoding = 4; lastKnownFileType = sourcecode.c.h; path = QBAssetCell.h; sourceTree = "<group>"; };
		35A372211E64263200699326 /* QBAssetCell.m */ = {isa = PBXFileReference; fileEncoding = 4; lastKnownFileType = sourcecode.c.objc; path = QBAssetCell.m; sourceTree = "<group>"; };
		35A372221E64263200699326 /* QBAssetsViewController.h */ = {isa = PBXFileReference; fileEncoding = 4; lastKnownFileType = sourcecode.c.h; path = QBAssetsViewController.h; sourceTree = "<group>"; };
		35A372231E64263200699326 /* QBAssetsViewController.m */ = {isa = PBXFileReference; fileEncoding = 4; lastKnownFileType = sourcecode.c.objc; path = QBAssetsViewController.m; sourceTree = "<group>"; };
		35A372241E64263200699326 /* QBCheckmarkView.h */ = {isa = PBXFileReference; fileEncoding = 4; lastKnownFileType = sourcecode.c.h; path = QBCheckmarkView.h; sourceTree = "<group>"; };
		35A372251E64263200699326 /* QBCheckmarkView.m */ = {isa = PBXFileReference; fileEncoding = 4; lastKnownFileType = sourcecode.c.objc; path = QBCheckmarkView.m; sourceTree = "<group>"; };
		35A372261E64263200699326 /* QBImagePicker.storyboard */ = {isa = PBXFileReference; fileEncoding = 4; lastKnownFileType = file.storyboard; path = QBImagePicker.storyboard; sourceTree = "<group>"; };
		35A372271E64263200699326 /* QBImagePickerController.h */ = {isa = PBXFileReference; fileEncoding = 4; lastKnownFileType = sourcecode.c.h; path = QBImagePickerController.h; sourceTree = "<group>"; };
		35A372281E64263200699326 /* QBImagePickerController.m */ = {isa = PBXFileReference; fileEncoding = 4; lastKnownFileType = sourcecode.c.objc; path = QBImagePickerController.m; sourceTree = "<group>"; };
		35A372291E64263200699326 /* QBVideoIconView.h */ = {isa = PBXFileReference; fileEncoding = 4; lastKnownFileType = sourcecode.c.h; path = QBVideoIconView.h; sourceTree = "<group>"; };
		35A3722A1E64263200699326 /* QBVideoIconView.m */ = {isa = PBXFileReference; fileEncoding = 4; lastKnownFileType = sourcecode.c.objc; path = QBVideoIconView.m; sourceTree = "<group>"; };
		35A3722B1E64263200699326 /* QBVideoIndicatorView.h */ = {isa = PBXFileReference; fileEncoding = 4; lastKnownFileType = sourcecode.c.h; path = QBVideoIndicatorView.h; sourceTree = "<group>"; };
		35A3722C1E64263200699326 /* QBVideoIndicatorView.m */ = {isa = PBXFileReference; fileEncoding = 4; lastKnownFileType = sourcecode.c.objc; path = QBVideoIndicatorView.m; sourceTree = "<group>"; };
		35A3722D1E64263200699326 /* zh-Hans */ = {isa = PBXFileReference; lastKnownFileType = text.plist.strings; name = "zh-Hans"; path = "zh-Hans.lproj/QBImagePicker.strings"; sourceTree = "<group>"; };
		35A3722F1E64263200699326 /* VPImageCropperViewController.h */ = {isa = PBXFileReference; fileEncoding = 4; lastKnownFileType = sourcecode.c.h; path = VPImageCropperViewController.h; sourceTree = "<group>"; };
		35A372301E64263200699326 /* VPImageCropperViewController.m */ = {isa = PBXFileReference; fileEncoding = 4; lastKnownFileType = sourcecode.c.objc; path = VPImageCropperViewController.m; sourceTree = "<group>"; };
		35A372311E64263200699326 /* YYPhotoManager.h */ = {isa = PBXFileReference; fileEncoding = 4; lastKnownFileType = sourcecode.c.h; path = YYPhotoManager.h; sourceTree = "<group>"; };
		35A372321E64263200699326 /* YYPhotoManager.m */ = {isa = PBXFileReference; fileEncoding = 4; lastKnownFileType = sourcecode.c.objc; path = YYPhotoManager.m; sourceTree = "<group>"; };
		35A3723F1E64266800699326 /* YYPhotoSheet.h */ = {isa = PBXFileReference; fileEncoding = 4; lastKnownFileType = sourcecode.c.h; path = YYPhotoSheet.h; sourceTree = "<group>"; };
		35A372401E64266800699326 /* YYPhotoSheet.m */ = {isa = PBXFileReference; fileEncoding = 4; lastKnownFileType = sourcecode.c.objc; path = YYPhotoSheet.m; sourceTree = "<group>"; };
		35A372411E64266800699326 /* YYPhotoSheet.xib */ = {isa = PBXFileReference; fileEncoding = 4; lastKnownFileType = file.xib; path = YYPhotoSheet.xib; sourceTree = "<group>"; };
/* End PBXFileReference section */

/* Begin PBXFrameworksBuildPhase section */
		35A371F81E6422A500699326 /* Frameworks */ = {
			isa = PBXFrameworksBuildPhase;
			buildActionMask = 2147483647;
			files = (
			);
			runOnlyForDeploymentPostprocessing = 0;
		};
/* End PBXFrameworksBuildPhase section */

/* Begin PBXGroup section */
		35A371F21E6422A500699326 = {
			isa = PBXGroup;
			children = (
				35A371FD1E6422A500699326 /* YYPhotoManager */,
				35A371FC1E6422A500699326 /* Products */,
			);
			sourceTree = "<group>";
		};
		35A371FC1E6422A500699326 /* Products */ = {
			isa = PBXGroup;
			children = (
				35A371FB1E6422A500699326 /* YYPhotoManager.app */,
			);
			name = Products;
			sourceTree = "<group>";
		};
		35A371FD1E6422A500699326 /* YYPhotoManager */ = {
			isa = PBXGroup;
			children = (
				35A372151E64263200699326 /* Resource */,
				35A372011E6422A600699326 /* AppDelegate.h */,
				35A372021E6422A600699326 /* AppDelegate.m */,
				35A372041E6422A600699326 /* ViewController.h */,
				35A372051E6422A600699326 /* ViewController.m */,
				35A372071E6422A600699326 /* Main.storyboard */,
				35A3720A1E6422A600699326 /* Assets.xcassets */,
				35A3720C1E6422A600699326 /* LaunchScreen.storyboard */,
				35A3720F1E6422A600699326 /* Info.plist */,
				35A371FE1E6422A500699326 /* Supporting Files */,
			);
			path = YYPhotoManager;
			sourceTree = "<group>";
		};
		35A371FE1E6422A500699326 /* Supporting Files */ = {
			isa = PBXGroup;
			children = (
				35A371FF1E6422A500699326 /* main.m */,
			);
			name = "Supporting Files";
			sourceTree = "<group>";
		};
		35A372151E64263200699326 /* Resource */ = {
			isa = PBXGroup;
			children = (
				35A372161E64263200699326 /* QBImagePicker */,
				35A3722E1E64263200699326 /* VPImageCropper */,
				35A372311E64263200699326 /* YYPhotoManager.h */,
				35A372321E64263200699326 /* YYPhotoManager.m */,
				35A3723F1E64266800699326 /* YYPhotoSheet.h */,
				35A372401E64266800699326 /* YYPhotoSheet.m */,
				35A372411E64266800699326 /* YYPhotoSheet.xib */,
			);
			path = Resource;
			sourceTree = "<group>";
		};
		35A372161E64263200699326 /* QBImagePicker */ = {
			isa = PBXGroup;
			children = (
				35A372171E64263200699326 /* QBImagePicker.strings */,
				35A3721C1E64263200699326 /* QBAlbumCell.h */,
				35A3721D1E64263200699326 /* QBAlbumCell.m */,
				35A3721E1E64263200699326 /* QBAlbumsViewController.h */,
				35A3721F1E64263200699326 /* QBAlbumsViewController.m */,
				35A372201E64263200699326 /* QBAssetCell.h */,
				35A372211E64263200699326 /* QBAssetCell.m */,
				35A372221E64263200699326 /* QBAssetsViewController.h */,
				35A372231E64263200699326 /* QBAssetsViewController.m */,
				35A372241E64263200699326 /* QBCheckmarkView.h */,
				35A372251E64263200699326 /* QBCheckmarkView.m */,
				35A372261E64263200699326 /* QBImagePicker.storyboard */,
				35A372271E64263200699326 /* QBImagePickerController.h */,
				35A372281E64263200699326 /* QBImagePickerController.m */,
				35A372291E64263200699326 /* QBVideoIconView.h */,
				35A3722A1E64263200699326 /* QBVideoIconView.m */,
				35A3722B1E64263200699326 /* QBVideoIndicatorView.h */,
				35A3722C1E64263200699326 /* QBVideoIndicatorView.m */,
			);
			path = QBImagePicker;
			sourceTree = "<group>";
		};
		35A3722E1E64263200699326 /* VPImageCropper */ = {
			isa = PBXGroup;
			children = (
				35A3722F1E64263200699326 /* VPImageCropperViewController.h */,
				35A372301E64263200699326 /* VPImageCropperViewController.m */,
			);
			path = VPImageCropper;
			sourceTree = "<group>";
		};
/* End PBXGroup section */

/* Begin PBXNativeTarget section */
		35A371FA1E6422A500699326 /* YYPhotoManager */ = {
			isa = PBXNativeTarget;
			buildConfigurationList = 35A372121E6422A600699326 /* Build configuration list for PBXNativeTarget "YYPhotoManager" */;
			buildPhases = (
				35A371F71E6422A500699326 /* Sources */,
				35A371F81E6422A500699326 /* Frameworks */,
				35A371F91E6422A500699326 /* Resources */,
			);
			buildRules = (
			);
			dependencies = (
			);
			name = YYPhotoManager;
			productName = YYPhotoManager;
			productReference = 35A371FB1E6422A500699326 /* YYPhotoManager.app */;
			productType = "com.apple.product-type.application";
		};
/* End PBXNativeTarget section */

/* Begin PBXProject section */
		35A371F31E6422A500699326 /* Project object */ = {
			isa = PBXProject;
			attributes = {
				LastUpgradeCheck = 0820;
				ORGANIZATIONNAME = Heisenbean;
				TargetAttributes = {
					35A371FA1E6422A500699326 = {
						CreatedOnToolsVersion = 8.2.1;
						ProvisioningStyle = Automatic;
					};
				};
			};
			buildConfigurationList = 35A371F61E6422A500699326 /* Build configuration list for PBXProject "YYPhotoManager" */;
			compatibilityVersion = "Xcode 3.2";
			developmentRegion = English;
			hasScannedForEncodings = 0;
			knownRegions = (
				en,
				Base,
				de,
				es,
				ja,
				"zh-Hans",
			);
			mainGroup = 35A371F21E6422A500699326;
			productRefGroup = 35A371FC1E6422A500699326 /* Products */;
			projectDirPath = "";
			projectRoot = "";
			targets = (
				35A371FA1E6422A500699326 /* YYPhotoManager */,
			);
		};
/* End PBXProject section */

/* Begin PBXResourcesBuildPhase section */
		35A371F91E6422A500699326 /* Resources */ = {
			isa = PBXResourcesBuildPhase;
			buildActionMask = 2147483647;
			files = (
				35A3720E1E6422A600699326 /* LaunchScreen.storyboard in Resources */,
				35A372331E64263200699326 /* QBImagePicker.strings in Resources */,
				35A372431E64266800699326 /* YYPhotoSheet.xib in Resources */,
				35A372391E64263200699326 /* QBImagePicker.storyboard in Resources */,
				35A3720B1E6422A600699326 /* Assets.xcassets in Resources */,
				35A372091E6422A600699326 /* Main.storyboard in Resources */,
			);
			runOnlyForDeploymentPostprocessing = 0;
		};
/* End PBXResourcesBuildPhase section */

/* Begin PBXSourcesBuildPhase section */
		35A371F71E6422A500699326 /* Sources */ = {
			isa = PBXSourcesBuildPhase;
			buildActionMask = 2147483647;
			files = (
				35A372341E64263200699326 /* QBAlbumCell.m in Sources */,
				35A372371E64263200699326 /* QBAssetsViewController.m in Sources */,
				35A3723B1E64263200699326 /* QBVideoIconView.m in Sources */,
				35A3723E1E64263200699326 /* YYPhotoManager.m in Sources */,
				35A372421E64266800699326 /* YYPhotoSheet.m in Sources */,
				35A3723A1E64263200699326 /* QBImagePickerController.m in Sources */,
				35A372351E64263200699326 /* QBAlbumsViewController.m in Sources */,
				35A372381E64263200699326 /* QBCheckmarkView.m in Sources */,
				35A372061E6422A600699326 /* ViewController.m in Sources */,
				35A372361E64263200699326 /* QBAssetCell.m in Sources */,
				35A3723D1E64263200699326 /* VPImageCropperViewController.m in Sources */,
				35A3723C1E64263200699326 /* QBVideoIndicatorView.m in Sources */,
				35A372031E6422A600699326 /* AppDelegate.m in Sources */,
				35A372001E6422A500699326 /* main.m in Sources */,
			);
			runOnlyForDeploymentPostprocessing = 0;
		};
/* End PBXSourcesBuildPhase section */

/* Begin PBXVariantGroup section */
		35A372071E6422A600699326 /* Main.storyboard */ = {
			isa = PBXVariantGroup;
			children = (
				35A372081E6422A600699326 /* Base */,
			);
			name = Main.storyboard;
			sourceTree = "<group>";
		};
		35A3720C1E6422A600699326 /* LaunchScreen.storyboard */ = {
			isa = PBXVariantGroup;
			children = (
				35A3720D1E6422A600699326 /* Base */,
			);
			name = LaunchScreen.storyboard;
			sourceTree = "<group>";
		};
		35A372171E64263200699326 /* QBImagePicker.strings */ = {
			isa = PBXVariantGroup;
			children = (
				35A372181E64263200699326 /* de */,
				35A372191E64263200699326 /* en */,
				35A3721A1E64263200699326 /* es */,
				35A3721B1E64263200699326 /* ja */,
				35A3722D1E64263200699326 /* zh-Hans */,
			);
			name = QBImagePicker.strings;
			sourceTree = "<group>";
		};
/* End PBXVariantGroup section */

/* Begin XCBuildConfiguration section */
		35A372101E6422A600699326 /* Debug */ = {
			isa = XCBuildConfiguration;
			buildSettings = {
				ALWAYS_SEARCH_USER_PATHS = NO;
				CLANG_ANALYZER_NONNULL = YES;
				CLANG_CXX_LANGUAGE_STANDARD = "gnu++0x";
				CLANG_CXX_LIBRARY = "libc++";
				CLANG_ENABLE_MODULES = YES;
				CLANG_ENABLE_OBJC_ARC = YES;
				CLANG_WARN_BOOL_CONVERSION = YES;
				CLANG_WARN_CONSTANT_CONVERSION = YES;
				CLANG_WARN_DIRECT_OBJC_ISA_USAGE = YES_ERROR;
				CLANG_WARN_DOCUMENTATION_COMMENTS = YES;
				CLANG_WARN_EMPTY_BODY = YES;
				CLANG_WARN_ENUM_CONVERSION = YES;
				CLANG_WARN_INFINITE_RECURSION = YES;
				CLANG_WARN_INT_CONVERSION = YES;
				CLANG_WARN_OBJC_ROOT_CLASS = YES_ERROR;
				CLANG_WARN_SUSPICIOUS_MOVE = YES;
				CLANG_WARN_UNREACHABLE_CODE = YES;
				CLANG_WARN__DUPLICATE_METHOD_MATCH = YES;
				"CODE_SIGN_IDENTITY[sdk=iphoneos*]" = "iPhone Developer";
				COPY_PHASE_STRIP = NO;
				DEBUG_INFORMATION_FORMAT = dwarf;
				ENABLE_STRICT_OBJC_MSGSEND = YES;
				ENABLE_TESTABILITY = YES;
				GCC_C_LANGUAGE_STANDARD = gnu99;
				GCC_DYNAMIC_NO_PIC = NO;
				GCC_NO_COMMON_BLOCKS = YES;
				GCC_OPTIMIZATION_LEVEL = 0;
				GCC_PREPROCESSOR_DEFINITIONS = (
					"DEBUG=1",
					"$(inherited)",
				);
				GCC_WARN_64_TO_32_BIT_CONVERSION = YES;
				GCC_WARN_ABOUT_RETURN_TYPE = YES_ERROR;
				GCC_WARN_UNDECLARED_SELECTOR = YES;
				GCC_WARN_UNINITIALIZED_AUTOS = YES_AGGRESSIVE;
				GCC_WARN_UNUSED_FUNCTION = YES;
				GCC_WARN_UNUSED_VARIABLE = YES;
				IPHONEOS_DEPLOYMENT_TARGET = 10.2;
				MTL_ENABLE_DEBUG_INFO = YES;
				ONLY_ACTIVE_ARCH = YES;
				SDKROOT = iphoneos;
			};
			name = Debug;
		};
		35A372111E6422A600699326 /* Release */ = {
			isa = XCBuildConfiguration;
			buildSettings = {
				ALWAYS_SEARCH_USER_PATHS = NO;
				CLANG_ANALYZER_NONNULL = YES;
				CLANG_CXX_LANGUAGE_STANDARD = "gnu++0x";
				CLANG_CXX_LIBRARY = "libc++";
				CLANG_ENABLE_MODULES = YES;
				CLANG_ENABLE_OBJC_ARC = YES;
				CLANG_WARN_BOOL_CONVERSION = YES;
				CLANG_WARN_CONSTANT_CONVERSION = YES;
				CLANG_WARN_DIRECT_OBJC_ISA_USAGE = YES_ERROR;
				CLANG_WARN_DOCUMENTATION_COMMENTS = YES;
				CLANG_WARN_EMPTY_BODY = YES;
				CLANG_WARN_ENUM_CONVERSION = YES;
				CLANG_WARN_INFINITE_RECURSION = YES;
				CLANG_WARN_INT_CONVERSION = YES;
				CLANG_WARN_OBJC_ROOT_CLASS = YES_ERROR;
				CLANG_WARN_SUSPICIOUS_MOVE = YES;
				CLANG_WARN_UNREACHABLE_CODE = YES;
				CLANG_WARN__DUPLICATE_METHOD_MATCH = YES;
				"CODE_SIGN_IDENTITY[sdk=iphoneos*]" = "iPhone Developer";
				COPY_PHASE_STRIP = NO;
				DEBUG_INFORMATION_FORMAT = "dwarf-with-dsym";
				ENABLE_NS_ASSERTIONS = NO;
				ENABLE_STRICT_OBJC_MSGSEND = YES;
				GCC_C_LANGUAGE_STANDARD = gnu99;
				GCC_NO_COMMON_BLOCKS = YES;
				GCC_WARN_64_TO_32_BIT_CONVERSION = YES;
				GCC_WARN_ABOUT_RETURN_TYPE = YES_ERROR;
				GCC_WARN_UNDECLARED_SELECTOR = YES;
				GCC_WARN_UNINITIALIZED_AUTOS = YES_AGGRESSIVE;
				GCC_WARN_UNUSED_FUNCTION = YES;
				GCC_WARN_UNUSED_VARIABLE = YES;
				IPHONEOS_DEPLOYMENT_TARGET = 10.2;
				MTL_ENABLE_DEBUG_INFO = NO;
				SDKROOT = iphoneos;
				VALIDATE_PRODUCT = YES;
			};
			name = Release;
		};
		35A372131E6422A600699326 /* Debug */ = {
			isa = XCBuildConfiguration;
			buildSettings = {
				ASSETCATALOG_COMPILER_APPICON_NAME = AppIcon;
				INFOPLIST_FILE = YYPhotoManager/Info.plist;
				LD_RUNPATH_SEARCH_PATHS = "$(inherited) @executable_path/Frameworks";
				PRODUCT_BUNDLE_IDENTIFIER = me.heisenbean.YYPhotoManager;
				PRODUCT_NAME = "$(TARGET_NAME)";
			};
			name = Debug;
		};
		35A372141E6422A600699326 /* Release */ = {
			isa = XCBuildConfiguration;
			buildSettings = {
				ASSETCATALOG_COMPILER_APPICON_NAME = AppIcon;
				INFOPLIST_FILE = YYPhotoManager/Info.plist;
				LD_RUNPATH_SEARCH_PATHS = "$(inherited) @executable_path/Frameworks";
				PRODUCT_BUNDLE_IDENTIFIER = me.heisenbean.YYPhotoManager;
				PRODUCT_NAME = "$(TARGET_NAME)";
			};
			name = Release;
		};
/* End XCBuildConfiguration section */

/* Begin XCConfigurationList section */
		35A371F61E6422A500699326 /* Build configuration list for PBXProject "YYPhotoManager" */ = {
			isa = XCConfigurationList;
			buildConfigurations = (
				35A372101E6422A600699326 /* Debug */,
				35A372111E6422A600699326 /* Release */,
			);
			defaultConfigurationIsVisible = 0;
			defaultConfigurationName = Release;
		};
		35A372121E6422A600699326 /* Build configuration list for PBXNativeTarget "YYPhotoManager" */ = {
			isa = XCConfigurationList;
			buildConfigurations = (
				35A372131E6422A600699326 /* Debug */,
				35A372141E6422A600699326 /* Release */,
			);
			defaultConfigurationIsVisible = 0;
			defaultConfigurationName = Release;
		};
/* End XCConfigurationList section */
	};
	rootObject = 35A371F31E6422A500699326 /* Project object */;
}
